
Microsoft Visual Studio Solution File, Format Version 12.00
# Visual Studio 15
VisualStudioVersion = 15.0.27703.2026
MinimumVisualStudioVersion = 10.0.40219.1
Project("{FAE04EC0-301F-11D3-BF4B-00C04F79EFBC}") = "OpenRCT2_Twitch_Bot", "OpenRCT2_Twitch_Bot\OpenRCT2_Twitch_Bot.csproj", "{3EDC141B-7470-4FD8-8751-E1F88C781059}"
EndProject
Global
	GlobalSection(SolutionConfigurationPlatforms) = preSolution
		Debug|Any CPU = Debug|Any CPU
		Release|Any CPU = Release|Any CPU
	EndGlobalSection
	GlobalSection(ProjectConfigurationPlatforms) = postSolution
		{3EDC141B-7470-4FD8-8751-E1F88C781059}.Debug|Any CPU.ActiveCfg = Debug|Any CPU
		{3EDC141B-7470-4FD8-8751-E1F88C781059}.Debug|Any CPU.Build.0 = Debug|Any CPU
		{3EDC141B-7470-4FD8-8751-E1F88C781059}.Release|Any CPU.ActiveCfg = Release|Any CPU
		{3EDC141B-7470-4FD8-8751-E1F88C781059}.Release|Any CPU.Build.0 = Release|Any CPU
	EndGlobalSection
	GlobalSection(SolutionProperties) = preSolution
		HideSolutionNode = FALSE
	EndGlobalSection
	GlobalSection(ExtensibilityGlobals) = postSolution
		SolutionGuid = {D9B7BBF9-18BB-48BD-8BD2-D590B42E9769}
	EndGlobalSection
EndGlobal
